
Microsoft Visual Studio Solution File, Format Version 12.00
# Visual Studio Version 17
VisualStudioVersion = 17.14.36603.0 d17.14
MinimumVisualStudioVersion = 10.0.40219.1
Project("{FAE04EC0-301F-11D3-BF4B-00C04F79EFBC}") = "TestApp", "TestApp\TestApp.csproj", "{4576E779-D96F-4B7E-8837-B1E514A609F2}"
EndProject
Global
	GlobalSection(SolutionConfigurationPlatforms) = preSolution
		Debug|Any CPU = Debug|Any CPU
		Release|Any CPU = Release|Any CPU
	EndGlobalSection
	GlobalSection(ProjectConfigurationPlatforms) = postSolution
		{4576E779-D96F-4B7E-8837-B1E514A609F2}.Debug|Any CPU.ActiveCfg = Debug|Any CPU
		{4576E779-D96F-4B7E-8837-B1E514A609F2}.Debug|Any CPU.Build.0 = Debug|Any CPU
		{4576E779-D96F-4B7E-8837-B1E514A609F2}.Release|Any CPU.ActiveCfg = Release|Any CPU
		{4576E779-D96F-4B7E-8837-B1E514A609F2}.Release|Any CPU.Build.0 = Release|Any CPU
	EndGlobalSection
	GlobalSection(SolutionProperties) = preSolution
		HideSolutionNode = FALSE
	EndGlobalSection
	GlobalSection(ExtensibilityGlobals) = postSolution
		SolutionGuid = {B03D4DEC-7A7E-4F80-8AB1-0283777704FB}
	EndGlobalSection
EndGlobal
